
Microsoft Visual Studio Solution File, Format Version 12.00
# Visual Studio 15
VisualStudioVersion = 15.0.26124.0
MinimumVisualStudioVersion = 15.0.26124.0
Project("{9A19103F-16F7-4668-BE54-9A1E7A4F7556}") = "TaM", "TaM\TaM.csproj", "{8EFB6092-2211-42E6-AD53-3FDC28B9569E}"
EndProject
Project("{9A19103F-16F7-4668-BE54-9A1E7A4F7556}") = "TaMTests", "TaMTests\TaMTests.csproj", "{02C4FECA-6C2D-44FC-946C-363A64C3E145}"
EndProject
Project("{FAE04EC0-301F-11D3-BF4B-00C04F79EFBC}") = "TamGUI", "TamGUI\TamGUI.csproj", "{4F3752F8-14A9-4CE8-8F69-23488BBD771D}"
EndProject
Project("{FAE04EC0-301F-11D3-BF4B-00C04F79EFBC}") = "TaMlib", "TaMlib\TaMlib.csproj", "{E1B1BBAB-6ED5-438B-B15B-FB913AF45E2B}"
EndProject
Global
	GlobalSection(SolutionConfigurationPlatforms) = preSolution
		Debug|Any CPU = Debug|Any CPU
		Debug|ARM = Debug|ARM
		Debug|ARM64 = Debug|ARM64
		Debug|x64 = Debug|x64
		Debug|x86 = Debug|x86
		Release|Any CPU = Release|Any CPU
		Release|ARM = Release|ARM
		Release|ARM64 = Release|ARM64
		Release|x64 = Release|x64
		Release|x86 = Release|x86
	EndGlobalSection
	GlobalSection(ProjectConfigurationPlatforms) = postSolution
		{8EFB6092-2211-42E6-AD53-3FDC28B9569E}.Debug|Any CPU.ActiveCfg = Debug|Any CPU
		{8EFB6092-2211-42E6-AD53-3FDC28B9569E}.Debug|Any CPU.Build.0 = Debug|Any CPU
		{8EFB6092-2211-42E6-AD53-3FDC28B9569E}.Debug|ARM.ActiveCfg = Debug|Any CPU
		{8EFB6092-2211-42E6-AD53-3FDC28B9569E}.Debug|ARM.Build.0 = Debug|Any CPU
		{8EFB6092-2211-42E6-AD53-3FDC28B9569E}.Debug|ARM64.ActiveCfg = Debug|Any CPU
		{8EFB6092-2211-42E6-AD53-3FDC28B9569E}.Debug|ARM64.Build.0 = Debug|Any CPU
		{8EFB6092-2211-42E6-AD53-3FDC28B9569E}.Debug|x64.ActiveCfg = Debug|Any CPU
		{8EFB6092-2211-42E6-AD53-3FDC28B9569E}.Debug|x64.Build.0 = Debug|Any CPU
		{8EFB6092-2211-42E6-AD53-3FDC28B9569E}.Debug|x86.ActiveCfg = Debug|Any CPU
		{8EFB6092-2211-42E6-AD53-3FDC28B9569E}.Debug|x86.Build.0 = Debug|Any CPU
		{8EFB6092-2211-42E6-AD53-3FDC28B9569E}.Release|Any CPU.ActiveCfg = Release|Any CPU
		{8EFB6092-2211-42E6-AD53-3FDC28B9569E}.Release|Any CPU.Build.0 = Release|Any CPU
		{8EFB6092-2211-42E6-AD53-3FDC28B9569E}.Release|ARM.ActiveCfg = Release|Any CPU
		{8EFB6092-2211-42E6-AD53-3FDC28B9569E}.Release|ARM.Build.0 = Release|Any CPU
		{8EFB6092-2211-42E6-AD53-3FDC28B9569E}.Release|ARM64.ActiveCfg = Release|Any CPU
		{8EFB6092-2211-42E6-AD53-3FDC28B9569E}.Release|ARM64.Build.0 = Release|Any CPU
		{8EFB6092-2211-42E6-AD53-3FDC28B9569E}.Release|x64.ActiveCfg = Release|Any CPU
		{8EFB6092-2211-42E6-AD53-3FDC28B9569E}.Release|x64.Build.0 = Release|Any CPU
		{8EFB6092-2211-42E6-AD53-3FDC28B9569E}.Release|x86.ActiveCfg = Release|Any CPU
		{8EFB6092-2211-42E6-AD53-3FDC28B9569E}.Release|x86.Build.0 = Release|Any CPU
		{02C4FECA-6C2D-44FC-946C-363A64C3E145}.Debug|Any CPU.ActiveCfg = Debug|Any CPU
		{02C4FECA-6C2D-44FC-946C-363A64C3E145}.Debug|Any CPU.Build.0 = Debug|Any CPU
		{02C4FECA-6C2D-44FC-946C-363A64C3E145}.Debug|ARM.ActiveCfg = Debug|Any CPU
		{02C4FECA-6C2D-44FC-946C-363A64C3E145}.Debug|ARM.Build.0 = Debug|Any CPU
		{02C4FECA-6C2D-44FC-946C-363A64C3E145}.Debug|ARM64.ActiveCfg = Debug|Any CPU
		{02C4FECA-6C2D-44FC-946C-363A64C3E145}.Debug|ARM64.Build.0 = Debug|Any CPU
		{02C4FECA-6C2D-44FC-946C-363A64C3E145}.Debug|x64.ActiveCfg = Debug|Any CPU
		{02C4FECA-6C2D-44FC-946C-363A64C3E145}.Debug|x64.Build.0 = Debug|Any CPU
		{02C4FECA-6C2D-44FC-946C-363A64C3E145}.Debug|x86.ActiveCfg = Debug|Any CPU
		{02C4FECA-6C2D-44FC-946C-363A64C3E145}.Debug|x86.Build.0 = Debug|Any CPU
		{02C4FECA-6C2D-44FC-946C-363A64C3E145}.Release|Any CPU.ActiveCfg = Release|Any CPU
		{02C4FECA-6C2D-44FC-946C-363A64C3E145}.Release|Any CPU.Build.0 = Release|Any CPU
		{02C4FECA-6C2D-44FC-946C-363A64C3E145}.Release|ARM.ActiveCfg = Release|Any CPU
		{02C4FECA-6C2D-44FC-946C-363A64C3E145}.Release|ARM.Build.0 = Release|Any CPU
		{02C4FECA-6C2D-44FC-946C-363A64C3E145}.Release|ARM64.ActiveCfg = Release|Any CPU
		{02C4FECA-6C2D-44FC-946C-363A64C3E145}.Release|ARM64.Build.0 = Release|Any CPU
		{02C4FECA-6C2D-44FC-946C-363A64C3E145}.Release|x64.ActiveCfg = Release|Any CPU
		{02C4FECA-6C2D-44FC-946C-363A64C3E145}.Release|x64.Build.0 = Release|Any CPU
		{02C4FECA-6C2D-44FC-946C-363A64C3E145}.Release|x86.ActiveCfg = Release|Any CPU
		{02C4FECA-6C2D-44FC-946C-363A64C3E145}.Release|x86.Build.0 = Release|Any CPU
		{4F3752F8-14A9-4CE8-8F69-23488BBD771D}.Debug|Any CPU.ActiveCfg = Debug|x86
		{4F3752F8-14A9-4CE8-8F69-23488BBD771D}.Debug|ARM.ActiveCfg = Debug|ARM
		{4F3752F8-14A9-4CE8-8F69-23488BBD771D}.Debug|ARM.Build.0 = Debug|ARM
		{4F3752F8-14A9-4CE8-8F69-23488BBD771D}.Debug|ARM.Deploy.0 = Debug|ARM
		{4F3752F8-14A9-4CE8-8F69-23488BBD771D}.Debug|ARM64.ActiveCfg = Debug|ARM64
		{4F3752F8-14A9-4CE8-8F69-23488BBD771D}.Debug|ARM64.Build.0 = Debug|ARM64
		{4F3752F8-14A9-4CE8-8F69-23488BBD771D}.Debug|ARM64.Deploy.0 = Debug|ARM64
		{4F3752F8-14A9-4CE8-8F69-23488BBD771D}.Debug|x64.ActiveCfg = Debug|x64
		{4F3752F8-14A9-4CE8-8F69-23488BBD771D}.Debug|x64.Build.0 = Debug|x64
		{4F3752F8-14A9-4CE8-8F69-23488BBD771D}.Debug|x64.Deploy.0 = Debug|x64
		{4F3752F8-14A9-4CE8-8F69-23488BBD771D}.Debug|x86.ActiveCfg = Debug|x86
		{4F3752F8-14A9-4CE8-8F69-23488BBD771D}.Debug|x86.Build.0 = Debug|x86
		{4F3752F8-14A9-4CE8-8F69-23488BBD771D}.Debug|x86.Deploy.0 = Debug|x86
		{4F3752F8-14A9-4CE8-8F69-23488BBD771D}.Release|Any CPU.ActiveCfg = Release|x86
		{4F3752F8-14A9-4CE8-8F69-23488BBD771D}.Release|ARM.ActiveCfg = Release|ARM
		{4F3752F8-14A9-4CE8-8F69-23488BBD771D}.Release|ARM.Build.0 = Release|ARM
		{4F3752F8-14A9-4CE8-8F69-23488BBD771D}.Release|ARM.Deploy.0 = Release|ARM
		{4F3752F8-14A9-4CE8-8F69-23488BBD771D}.Release|ARM64.ActiveCfg = Release|ARM64
		{4F3752F8-14A9-4CE8-8F69-23488BBD771D}.Release|ARM64.Build.0 = Release|ARM64
		{4F3752F8-14A9-4CE8-8F69-23488BBD771D}.Release|ARM64.Deploy.0 = Release|ARM64
		{4F3752F8-14A9-4CE8-8F69-23488BBD771D}.Release|x64.ActiveCfg = Release|x64
		{4F3752F8-14A9-4CE8-8F69-23488BBD771D}.Release|x64.Build.0 = Release|x64
		{4F3752F8-14A9-4CE8-8F69-23488BBD771D}.Release|x64.Deploy.0 = Release|x64
		{4F3752F8-14A9-4CE8-8F69-23488BBD771D}.Release|x86.ActiveCfg = Release|x86
		{4F3752F8-14A9-4CE8-8F69-23488BBD771D}.Release|x86.Build.0 = Release|x86
		{4F3752F8-14A9-4CE8-8F69-23488BBD771D}.Release|x86.Deploy.0 = Release|x86
		{E1B1BBAB-6ED5-438B-B15B-FB913AF45E2B}.Debug|Any CPU.ActiveCfg = Debug|Any CPU
		{E1B1BBAB-6ED5-438B-B15B-FB913AF45E2B}.Debug|Any CPU.Build.0 = Debug|Any CPU
		{E1B1BBAB-6ED5-438B-B15B-FB913AF45E2B}.Debug|ARM.ActiveCfg = Debug|ARM
		{E1B1BBAB-6ED5-438B-B15B-FB913AF45E2B}.Debug|ARM.Build.0 = Debug|ARM
		{E1B1BBAB-6ED5-438B-B15B-FB913AF45E2B}.Debug|ARM64.ActiveCfg = Debug|ARM64
		{E1B1BBAB-6ED5-438B-B15B-FB913AF45E2B}.Debug|ARM64.Build.0 = Debug|ARM64
		{E1B1BBAB-6ED5-438B-B15B-FB913AF45E2B}.Debug|x64.ActiveCfg = Debug|x64
		{E1B1BBAB-6ED5-438B-B15B-FB913AF45E2B}.Debug|x64.Build.0 = Debug|x64
		{E1B1BBAB-6ED5-438B-B15B-FB913AF45E2B}.Debug|x86.ActiveCfg = Debug|x86
		{E1B1BBAB-6ED5-438B-B15B-FB913AF45E2B}.Debug|x86.Build.0 = Debug|x86
		{E1B1BBAB-6ED5-438B-B15B-FB913AF45E2B}.Release|Any CPU.ActiveCfg = Release|Any CPU
		{E1B1BBAB-6ED5-438B-B15B-FB913AF45E2B}.Release|Any CPU.Build.0 = Release|Any CPU
		{E1B1BBAB-6ED5-438B-B15B-FB913AF45E2B}.Release|ARM.ActiveCfg = Release|ARM
		{E1B1BBAB-6ED5-438B-B15B-FB913AF45E2B}.Release|ARM.Build.0 = Release|ARM
		{E1B1BBAB-6ED5-438B-B15B-FB913AF45E2B}.Release|ARM64.ActiveCfg = Release|ARM64
		{E1B1BBAB-6ED5-438B-B15B-FB913AF45E2B}.Release|ARM64.Build.0 = Release|ARM64
		{E1B1BBAB-6ED5-438B-B15B-FB913AF45E2B}.Release|x64.ActiveCfg = Release|x64
		{E1B1BBAB-6ED5-438B-B15B-FB913AF45E2B}.Release|x64.Build.0 = Release|x64
		{E1B1BBAB-6ED5-438B-B15B-FB913AF45E2B}.Release|x86.ActiveCfg = Release|x86
		{E1B1BBAB-6ED5-438B-B15B-FB913AF45E2B}.Release|x86.Build.0 = Release|x86
	EndGlobalSection
	GlobalSection(SolutionProperties) = preSolution
		HideSolutionNode = FALSE
	EndGlobalSection
	GlobalSection(ExtensibilityGlobals) = postSolution
		SolutionGuid = {8E8B883B-DE6A-4591-AEAB-F60AFC8E3E96}
	EndGlobalSection
EndGlobal
